{
    "_readme": [
        "This file locks the dependencies of your project to a known state",
        "Read more about it at https://getcomposer.org/doc/01-basic-usage.md#installing-dependencies",
        "This file is @generated automatically"
    ],
    "content-hash": "89264b9762bdb007dea25b6b2265d58f",
    "packages": [
        {
            "name": "pronamic/wp-number",
            "version": "1.1.1",
            "source": {
                "type": "git",
                "url": "https://github.com/pronamic/wp-number.git",
                "reference": "c26538f223ae4326e8758679ed7372020d15b1d1"
            },
            "dist": {
                "type": "zip",
                "url": "https://api.github.com/repos/pronamic/wp-number/zipball/c26538f223ae4326e8758679ed7372020d15b1d1",
                "reference": "c26538f223ae4326e8758679ed7372020d15b1d1",
                "shasum": ""
            },
            "require": {
                "php": ">=5.6.20"
            },
            "require-dev": {
                "bamarni/composer-bin-plugin": "^1.4",
                "koodimonni-language/de_de": "*",
                "koodimonni-language/fr_fr": "*",
                "koodimonni-language/nl_nl": "*",
                "overtrue/phplint": "^3.0",
                "php-coveralls/php-coveralls": "^2.4",
                "phpmd/phpmd": "^2.9",
                "phpunit/phpunit": "^4.0 || ^5.0 || ^6.0 || ^7.0",
                "pronamic/wp-coding-standards": "^1.0",
                "roots/wordpress": "^5.8",
                "wp-phpunit/wp-phpunit": "^5.8",
                "yoast/phpunit-polyfills": "^1.0"
            },
            "type": "library",
            "autoload": {
                "psr-4": {
                    "Pronamic\\WordPress\\Number\\": "src"
                }
            },
            "notification-url": "https://packagist.org/downloads/",
            "license": [
                "GPL-2.0-or-later"
            ],
            "authors": [
                {
                    "name": "Pronamic",
                    "email": "info@pronamic.eu",
                    "homepage": "https://www.pronamic.eu/",
                    "role": "Company"
                },
                {
                    "name": "Remco Tolsma",
                    "email": "info@remcotolsma.nl",
                    "homepage": "https://www.remcotolsma.nl/",
                    "role": "Developer"
                }
            ],
            "description": "WordPress Number library.",
            "keywords": [
                "Double",
                "calculator",
                "float",
                "i18n",
                "int",
                "number",
                "wordpress"
            ],
            "support": {
                "issues": "https://github.com/pronamic/wp-number/issues",
                "source": "https://github.com/pronamic/wp-number/tree/1.1.1"
            },
            "time": "2022-09-23T14:18:57+00:00"
        }
    ],
    "packages-dev": [],
    "aliases": [],
    "minimum-stability": "stable",
    "stability-flags": [],
    "prefer-stable": false,
    "prefer-lowest": false,
    "platform": {
        "php": ">=8"
    },
    "platform-dev": [],
    "plugin-api-version": "2.3.0"
}
